
Microsoft Visual Studio Solution File, Format Version 12.00
# Visual Studio Version 17
VisualStudioVersion = 17.13.35825.156 d17.13
MinimumVisualStudioVersion = 10.0.40219.1
Project("{FAE04EC0-301F-11D3-BF4B-00C04F79EFBC}") = "ConsoleApp3", "ConsoleApp3\ConsoleApp3.csproj", "{079873DF-0BA2-4560-A95E-FD2F784BE6C3}"
EndProject
Global
	GlobalSection(SolutionConfigurationPlatforms) = preSolution
		Debug|Any CPU = Debug|Any CPU
		Release|Any CPU = Release|Any CPU
	EndGlobalSection
	GlobalSection(ProjectConfigurationPlatforms) = postSolution
		{079873DF-0BA2-4560-A95E-FD2F784BE6C3}.Debug|Any CPU.ActiveCfg = Debug|Any CPU
		{079873DF-0BA2-4560-A95E-FD2F784BE6C3}.Debug|Any CPU.Build.0 = Debug|Any CPU
		{079873DF-0BA2-4560-A95E-FD2F784BE6C3}.Release|Any CPU.ActiveCfg = Release|Any CPU
		{079873DF-0BA2-4560-A95E-FD2F784BE6C3}.Release|Any CPU.Build.0 = Release|Any CPU
	EndGlobalSection
	GlobalSection(SolutionProperties) = preSolution
		HideSolutionNode = FALSE
	EndGlobalSection
	GlobalSection(ExtensibilityGlobals) = postSolution
		SolutionGuid = {A2A12ABB-4FE3-43A3-BAEC-F3BBD344CFC7}
	EndGlobalSection
EndGlobal
