
Microsoft Visual Studio Solution File, Format Version 12.00
# Visual Studio Version 17
VisualStudioVersion = 17.13.35818.85 d17.13
MinimumVisualStudioVersion = 10.0.40219.1
Project("{FAE04EC0-301F-11D3-BF4B-00C04F79EFBC}") = "Ex-If1", "Ex-If1\Ex-If1.csproj", "{671AAD86-761C-4649-9FE4-85413077428F}"
EndProject
Global
	GlobalSection(SolutionConfigurationPlatforms) = preSolution
		Debug|Any CPU = Debug|Any CPU
		Release|Any CPU = Release|Any CPU
	EndGlobalSection
	GlobalSection(ProjectConfigurationPlatforms) = postSolution
		{671AAD86-761C-4649-9FE4-85413077428F}.Debug|Any CPU.ActiveCfg = Debug|Any CPU
		{671AAD86-761C-4649-9FE4-85413077428F}.Debug|Any CPU.Build.0 = Debug|Any CPU
		{671AAD86-761C-4649-9FE4-85413077428F}.Release|Any CPU.ActiveCfg = Release|Any CPU
		{671AAD86-761C-4649-9FE4-85413077428F}.Release|Any CPU.Build.0 = Release|Any CPU
	EndGlobalSection
	GlobalSection(SolutionProperties) = preSolution
		HideSolutionNode = FALSE
	EndGlobalSection
	GlobalSection(ExtensibilityGlobals) = postSolution
		SolutionGuid = {14CC2CFB-1991-4774-8FEB-FB016DCB9AD3}
	EndGlobalSection
EndGlobal
