
Microsoft Visual Studio Solution File, Format Version 12.00
# Visual Studio Version 17
VisualStudioVersion = 17.13.35825.156 d17.13
MinimumVisualStudioVersion = 10.0.40219.1
Project("{FAE04EC0-301F-11D3-BF4B-00C04F79EFBC}") = "Aula_POO", "Aula_POO\Aula_POO.csproj", "{3DF31F2C-D667-4533-A278-255A758A9387}"
EndProject
Global
	GlobalSection(SolutionConfigurationPlatforms) = preSolution
		Debug|Any CPU = Debug|Any CPU
		Release|Any CPU = Release|Any CPU
	EndGlobalSection
	GlobalSection(ProjectConfigurationPlatforms) = postSolution
		{3DF31F2C-D667-4533-A278-255A758A9387}.Debug|Any CPU.ActiveCfg = Debug|Any CPU
		{3DF31F2C-D667-4533-A278-255A758A9387}.Debug|Any CPU.Build.0 = Debug|Any CPU
		{3DF31F2C-D667-4533-A278-255A758A9387}.Release|Any CPU.ActiveCfg = Release|Any CPU
		{3DF31F2C-D667-4533-A278-255A758A9387}.Release|Any CPU.Build.0 = Release|Any CPU
	EndGlobalSection
	GlobalSection(SolutionProperties) = preSolution
		HideSolutionNode = FALSE
	EndGlobalSection
	GlobalSection(ExtensibilityGlobals) = postSolution
		SolutionGuid = {2A77CE85-A6C1-419E-BFEF-2015772BB162}
	EndGlobalSection
EndGlobal
